// !$*UTF8*$!
{
	archiveVersion = 1;
	classes = {
	};
	objectVersion = 45;
	objects = {

/* Begin PBXBuildFile section */
		C541646116822D4A00EBD3A5 /* rhoconnectclient.c in Sources */ = {isa = PBXBuildFile; fileRef = C541645B16822D4A00EBD3A5 /* rhoconnectclient.c */; };
		C54164671682735000EBD3A5 /* initRhoconnectClient.cpp in Sources */ = {isa = PBXBuildFile; fileRef = C54164661682735000EBD3A5 /* initRhoconnectClient.cpp */; };
		C54164751682735F00EBD3A5 /* ClientRegister.cpp in Sources */ = {isa = PBXBuildFile; fileRef = C54164681682735F00EBD3A5 /* ClientRegister.cpp */; };
		C54164761682735F00EBD3A5 /* ClientRegister.h in Headers */ = {isa = PBXBuildFile; fileRef = C54164691682735F00EBD3A5 /* ClientRegister.h */; };
		C54164781682735F00EBD3A5 /* ISyncProtocol.h in Headers */ = {isa = PBXBuildFile; fileRef = C541646B1682735F00EBD3A5 /* ISyncProtocol.h */; };
		C54164791682735F00EBD3A5 /* SyncEngine.cpp in Sources */ = {isa = PBXBuildFile; fileRef = C541646C1682735F00EBD3A5 /* SyncEngine.cpp */; };
		C541647A1682735F00EBD3A5 /* SyncEngine.h in Headers */ = {isa = PBXBuildFile; fileRef = C541646D1682735F00EBD3A5 /* SyncEngine.h */; };
		C541647B1682735F00EBD3A5 /* SyncNotify.cpp in Sources */ = {isa = PBXBuildFile; fileRef = C541646E1682735F00EBD3A5 /* SyncNotify.cpp */; };
		C541647C1682735F00EBD3A5 /* SyncNotify.h in Headers */ = {isa = PBXBuildFile; fileRef = C541646F1682735F00EBD3A5 /* SyncNotify.h */; };
		C541647D1682735F00EBD3A5 /* SyncProtocol_3.h in Headers */ = {isa = PBXBuildFile; fileRef = C54164701682735F00EBD3A5 /* SyncProtocol_3.h */; };
		C541647E1682735F00EBD3A5 /* SyncSource.cpp in Sources */ = {isa = PBXBuildFile; fileRef = C54164711682735F00EBD3A5 /* SyncSource.cpp */; };
		C541647F1682735F00EBD3A5 /* SyncSource.h in Headers */ = {isa = PBXBuildFile; fileRef = C54164721682735F00EBD3A5 /* SyncSource.h */; };
		C54164801682735F00EBD3A5 /* SyncThread.cpp in Sources */ = {isa = PBXBuildFile; fileRef = C54164731682735F00EBD3A5 /* SyncThread.cpp */; };
		C54164811682735F00EBD3A5 /* SyncThread.h in Headers */ = {isa = PBXBuildFile; fileRef = C54164741682735F00EBD3A5 /* SyncThread.h */; };
		C56989231682152A0064AE81 /* syncengine_wrap.c in Sources */ = {isa = PBXBuildFile; fileRef = C56989221682152A0064AE81 /* syncengine_wrap.c */; };
		C5FA6040167B512D00F5838A /* Rhoconnect-client_Prefix.pch in Headers */ = {isa = PBXBuildFile; fileRef = C5FA603F167B512D00F5838A /* Rhoconnect-client_Prefix.pch */; };
/* End PBXBuildFile section */

/* Begin PBXFileReference section */
		C541645B16822D4A00EBD3A5 /* rhoconnectclient.c */ = {isa = PBXFileReference; fileEncoding = 4; lastKnownFileType = sourcecode.c.c; name = rhoconnectclient.c; path = ../../shared/src/rhoconnectclient.c; sourceTree = "<group>"; };
		C54164661682735000EBD3A5 /* initRhoconnectClient.cpp */ = {isa = PBXFileReference; fileEncoding = 4; lastKnownFileType = sourcecode.cpp.cpp; name = initRhoconnectClient.cpp; path = ../../shared/src/initRhoconnectClient.cpp; sourceTree = "<group>"; };
		C54164681682735F00EBD3A5 /* ClientRegister.cpp */ = {isa = PBXFileReference; fileEncoding = 4; lastKnownFileType = sourcecode.cpp.cpp; name = ClientRegister.cpp; path = ../../shared/src/sync/ClientRegister.cpp; sourceTree = "<group>"; };
		C54164691682735F00EBD3A5 /* ClientRegister.h */ = {isa = PBXFileReference; fileEncoding = 4; lastKnownFileType = sourcecode.c.h; name = ClientRegister.h; path = ../../shared/src/sync/ClientRegister.h; sourceTree = "<group>"; };
		C541646B1682735F00EBD3A5 /* ISyncProtocol.h */ = {isa = PBXFileReference; fileEncoding = 4; lastKnownFileType = sourcecode.c.h; name = ISyncProtocol.h; path = ../../shared/src/sync/ISyncProtocol.h; sourceTree = "<group>"; };
		C541646C1682735F00EBD3A5 /* SyncEngine.cpp */ = {isa = PBXFileReference; fileEncoding = 4; lastKnownFileType = sourcecode.cpp.cpp; name = SyncEngine.cpp; path = ../../shared/src/sync/SyncEngine.cpp; sourceTree = "<group>"; };
		C541646D1682735F00EBD3A5 /* SyncEngine.h */ = {isa = PBXFileReference; fileEncoding = 4; lastKnownFileType = sourcecode.c.h; name = SyncEngine.h; path = ../../shared/src/sync/SyncEngine.h; sourceTree = "<group>"; };
		C541646E1682735F00EBD3A5 /* SyncNotify.cpp */ = {isa = PBXFileReference; fileEncoding = 4; lastKnownFileType = sourcecode.cpp.cpp; name = SyncNotify.cpp; path = ../../shared/src/sync/SyncNotify.cpp; sourceTree = "<group>"; };
		C541646F1682735F00EBD3A5 /* SyncNotify.h */ = {isa = PBXFileReference; fileEncoding = 4; lastKnownFileType = sourcecode.c.h; name = SyncNotify.h; path = ../../shared/src/sync/SyncNotify.h; sourceTree = "<group>"; };
		C54164701682735F00EBD3A5 /* SyncProtocol_3.h */ = {isa = PBXFileReference; fileEncoding = 4; lastKnownFileType = sourcecode.c.h; name = SyncProtocol_3.h; path = ../../shared/src/sync/SyncProtocol_3.h; sourceTree = "<group>"; };
		C54164711682735F00EBD3A5 /* SyncSource.cpp */ = {isa = PBXFileReference; fileEncoding = 4; lastKnownFileType = sourcecode.cpp.cpp; name = SyncSource.cpp; path = ../../shared/src/sync/SyncSource.cpp; sourceTree = "<group>"; };
		C54164721682735F00EBD3A5 /* SyncSource.h */ = {isa = PBXFileReference; fileEncoding = 4; lastKnownFileType = sourcecode.c.h; name = SyncSource.h; path = ../../shared/src/sync/SyncSource.h; sourceTree = "<group>"; };
		C54164731682735F00EBD3A5 /* SyncThread.cpp */ = {isa = PBXFileReference; fileEncoding = 4; lastKnownFileType = sourcecode.cpp.cpp; name = SyncThread.cpp; path = ../../shared/src/sync/SyncThread.cpp; sourceTree = "<group>"; };
		C54164741682735F00EBD3A5 /* SyncThread.h */ = {isa = PBXFileReference; fileEncoding = 4; lastKnownFileType = sourcecode.c.h; name = SyncThread.h; path = ../../shared/src/sync/SyncThread.h; sourceTree = "<group>"; };
		C56989221682152A0064AE81 /* syncengine_wrap.c */ = {isa = PBXFileReference; fileEncoding = 4; lastKnownFileType = sourcecode.c.c; name = syncengine_wrap.c; path = ../../shared/ruby/syncengine_wrap.c; sourceTree = "<group>"; };
		C5FA603F167B512D00F5838A /* Rhoconnect-client_Prefix.pch */ = {isa = PBXFileReference; fileEncoding = 4; lastKnownFileType = sourcecode.c.h; path = "Rhoconnect-client_Prefix.pch"; sourceTree = "<group>"; };
		FAC155F3145855CF0016F3BD /* libRhoconnect-client.a */ = {isa = PBXFileReference; explicitFileType = archive.ar; includeInIndex = 0; path = "libRhoconnect-client.a"; sourceTree = BUILT_PRODUCTS_DIR; };
/* End PBXFileReference section */

/* Begin PBXFrameworksBuildPhase section */
		FAC155ED145855CF0016F3BD /* Frameworks */ = {
			isa = PBXFrameworksBuildPhase;
			buildActionMask = 2147483647;
			files = (
			);
			runOnlyForDeploymentPostprocessing = 0;
		};
/* End PBXFrameworksBuildPhase section */

/* Begin PBXGroup section */
		034768DFFF38A50411DB9C8B /* Products */ = {
			isa = PBXGroup;
			children = (
				FAC155F3145855CF0016F3BD /* libRhoconnect-client.a */,
			);
			name = Products;
			sourceTree = "<group>";
		};
		0867D691FE84028FC02AAC07 /* Barcode */ = {
			isa = PBXGroup;
			children = (
				C54164681682735F00EBD3A5 /* ClientRegister.cpp */,
				C54164691682735F00EBD3A5 /* ClientRegister.h */,
				C541646B1682735F00EBD3A5 /* ISyncProtocol.h */,
				C541646C1682735F00EBD3A5 /* SyncEngine.cpp */,
				C541646D1682735F00EBD3A5 /* SyncEngine.h */,
				C541646E1682735F00EBD3A5 /* SyncNotify.cpp */,
				C541646F1682735F00EBD3A5 /* SyncNotify.h */,
				C54164701682735F00EBD3A5 /* SyncProtocol_3.h */,
				C54164711682735F00EBD3A5 /* SyncSource.cpp */,
				C54164721682735F00EBD3A5 /* SyncSource.h */,
				C54164731682735F00EBD3A5 /* SyncThread.cpp */,
				C54164741682735F00EBD3A5 /* SyncThread.h */,
				C54164661682735000EBD3A5 /* initRhoconnectClient.cpp */,
				C541645B16822D4A00EBD3A5 /* rhoconnectclient.c */,
				C56989221682152A0064AE81 /* syncengine_wrap.c */,
				08FB77AEFE84172EC02AAC07 /* Classes */,
				32C88DFF0371C24200C91783 /* Other Sources */,
				0867D69AFE84028FC02AAC07 /* Frameworks */,
				034768DFFF38A50411DB9C8B /* Products */,
			);
			name = Barcode;
			sourceTree = "<group>";
		};
		0867D69AFE84028FC02AAC07 /* Frameworks */ = {
			isa = PBXGroup;
			children = (
			);
			name = Frameworks;
			sourceTree = "<group>";
		};
		08FB77AEFE84172EC02AAC07 /* Classes */ = {
			isa = PBXGroup;
			children = (
				FAC155DD1458511E0016F3BD /* iOS_specific */,
			);
			name = Classes;
			sourceTree = "<group>";
		};
		32C88DFF0371C24200C91783 /* Other Sources */ = {
			isa = PBXGroup;
			children = (
				C5FA603F167B512D00F5838A /* Rhoconnect-client_Prefix.pch */,
			);
			name = "Other Sources";
			sourceTree = "<group>";
		};
		FAC155DD1458511E0016F3BD /* iOS_specific */ = {
			isa = PBXGroup;
			children = (
			);
			name = iOS_specific;
			sourceTree = "<group>";
		};
/* End PBXGroup section */

/* Begin PBXHeadersBuildPhase section */
		FAC155E6145855CF0016F3BD /* Headers */ = {
			isa = PBXHeadersBuildPhase;
			buildActionMask = 2147483647;
			files = (
				C5FA6040167B512D00F5838A /* Rhoconnect-client_Prefix.pch in Headers */,
				C54164761682735F00EBD3A5 /* ClientRegister.h in Headers */,
				C54164781682735F00EBD3A5 /* ISyncProtocol.h in Headers */,
				C541647A1682735F00EBD3A5 /* SyncEngine.h in Headers */,
				C541647C1682735F00EBD3A5 /* SyncNotify.h in Headers */,
				C541647D1682735F00EBD3A5 /* SyncProtocol_3.h in Headers */,
				C541647F1682735F00EBD3A5 /* SyncSource.h in Headers */,
				C54164811682735F00EBD3A5 /* SyncThread.h in Headers */,
			);
			runOnlyForDeploymentPostprocessing = 0;
		};
/* End PBXHeadersBuildPhase section */

/* Begin PBXNativeTarget section */
		FAC155E5145855CF0016F3BD /* Rhoconnect-client */ = {
			isa = PBXNativeTarget;
			buildConfigurationList = FAC155F0145855CF0016F3BD /* Build configuration list for PBXNativeTarget "Rhoconnect-client" */;
			buildPhases = (
				FAC155E6145855CF0016F3BD /* Headers */,
				FAC155E9145855CF0016F3BD /* Sources */,
				FAC155ED145855CF0016F3BD /* Frameworks */,
			);
			buildRules = (
			);
			dependencies = (
			);
			name = "Rhoconnect-client";
			productName = Barcode;
			productReference = FAC155F3145855CF0016F3BD /* libRhoconnect-client.a */;
			productType = "com.apple.product-type.library.static";
		};
/* End PBXNativeTarget section */

/* Begin PBXProject section */
		0867D690FE84028FC02AAC07 /* Project object */ = {
			isa = PBXProject;
			buildConfigurationList = 1DEB922208733DC00010E9CD /* Build configuration list for PBXProject "Rhoconnect-client" */;
			compatibilityVersion = "Xcode 3.1";
			developmentRegion = English;
			hasScannedForEncodings = 1;
			knownRegions = (
				English,
				Japanese,
				French,
				German,
			);
			mainGroup = 0867D691FE84028FC02AAC07 /* Barcode */;
			productRefGroup = 034768DFFF38A50411DB9C8B /* Products */;
			projectDirPath = "";
			projectRoot = "";
			targets = (
				FAC155E5145855CF0016F3BD /* Rhoconnect-client */,
			);
		};
/* End PBXProject section */

/* Begin PBXSourcesBuildPhase section */
		FAC155E9145855CF0016F3BD /* Sources */ = {
			isa = PBXSourcesBuildPhase;
			buildActionMask = 2147483647;
			files = (
				C56989231682152A0064AE81 /* syncengine_wrap.c in Sources */,
				C541646116822D4A00EBD3A5 /* rhoconnectclient.c in Sources */,
				C54164671682735000EBD3A5 /* initRhoconnectClient.cpp in Sources */,
				C54164751682735F00EBD3A5 /* ClientRegister.cpp in Sources */,
				C54164791682735F00EBD3A5 /* SyncEngine.cpp in Sources */,
				C541647B1682735F00EBD3A5 /* SyncNotify.cpp in Sources */,
				C541647E1682735F00EBD3A5 /* SyncSource.cpp in Sources */,
				C54164801682735F00EBD3A5 /* SyncThread.cpp in Sources */,
			);
			runOnlyForDeploymentPostprocessing = 0;
		};
/* End PBXSourcesBuildPhase section */

/* Begin XCBuildConfiguration section */
		1DEB922308733DC00010E9CD /* Debug */ = {
			isa = XCBuildConfiguration;
			buildSettings = {
				GCC_C_LANGUAGE_STANDARD = c99;
				GCC_OPTIMIZATION_LEVEL = 0;
				GCC_WARN_ABOUT_RETURN_TYPE = YES;
				GCC_WARN_UNUSED_VARIABLE = YES;
				HEADER_SEARCH_PATHS = (
					"$(RHO_ROOT)/platform/shared/common",
					"$(RHO_ROOT)/platform/shared/rubyext",
					"$(RHO_ROOT)/platform/shared/ruby/include",
					"$(RHO_ROOT)/platform/shared/ruby/iphone",
					"$(RHO_ROOT)/platform/shared",
				);
				IPHONEOS_DEPLOYMENT_TARGET = 3.0;
				ONLY_ACTIVE_ARCH = NO;
				PREBINDING = NO;
				SDKROOT = iphoneos;
				STANDARD_C_PLUS_PLUS_LIBRARY_TYPE = static;
			};
			name = Debug;
		};
		1DEB922408733DC00010E9CD /* Release */ = {
			isa = XCBuildConfiguration;
			buildSettings = {
				GCC_C_LANGUAGE_STANDARD = c99;
				GCC_WARN_ABOUT_RETURN_TYPE = YES;
				GCC_WARN_UNUSED_VARIABLE = YES;
				HEADER_SEARCH_PATHS = (
					"$(RHO_ROOT)/platform/shared/common",
					"$(RHO_ROOT)/platform/shared/rubyext",
					"$(RHO_ROOT)/platform/shared/ruby/include",
					"$(RHO_ROOT)/platform/shared/ruby/iphone",
					"$(RHO_ROOT)/platform/shared",
				);
				IPHONEOS_DEPLOYMENT_TARGET = 3.0;
				ONLY_ACTIVE_ARCH = NO;
				PREBINDING = NO;
				SDKROOT = iphoneos;
				STANDARD_C_PLUS_PLUS_LIBRARY_TYPE = static;
			};
			name = Release;
		};
		FAC155F1145855CF0016F3BD /* Debug */ = {
			isa = XCBuildConfiguration;
			buildSettings = {
				ALWAYS_SEARCH_USER_PATHS = NO;
				ARCHS = "$(ARCHS_STANDARD_32_BIT)";
				COPY_PHASE_STRIP = NO;
				DSTROOT = "/tmp/Rhoconnect-client.dst";
				GCC_DYNAMIC_NO_PIC = NO;
				GCC_ENABLE_FIX_AND_CONTINUE = YES;
				GCC_MODEL_TUNING = G5;
				GCC_OPTIMIZATION_LEVEL = 0;
				GCC_PRECOMPILE_PREFIX_HEADER = YES;
				GCC_PREFIX_HEADER = "Rhoconnect-client_Prefix.pch";
				HEADER_SEARCH_PATHS = (
					"$(RHO_ROOT)/platform/shared/common",
					"$(RHO_ROOT)/platform/shared/rubyext",
					"$(RHO_ROOT)/platform/shared/ruby/include",
					"$(RHO_ROOT)/platform/shared/ruby/iphone",
					"$(RHO_ROOT)/platform/shared",
					"$(RHO_ROOT)/platform/shared/sync",
					./../../shared/src,
				);
				INSTALL_PATH = /usr/local/lib;
				IPHONEOS_DEPLOYMENT_TARGET = 3.0;
				MACOSX_DEPLOYMENT_TARGET = 10.5;
				PRODUCT_NAME = "Rhoconnect-client";
				SDKROOT = iphoneos;
				VALID_ARCHS = "i386 armv7";
			};
			name = Debug;
		};
		FAC155F2145855CF0016F3BD /* Release */ = {
			isa = XCBuildConfiguration;
			buildSettings = {
				ALWAYS_SEARCH_USER_PATHS = NO;
				ARCHS = "$(ARCHS_STANDARD_32_BIT)";
				DSTROOT = "/tmp/Rhoconnect-client.dst";
				GCC_MODEL_TUNING = G5;
				GCC_PRECOMPILE_PREFIX_HEADER = YES;
				GCC_PREFIX_HEADER = "Rhoconnect-client_Prefix.pch";
				HEADER_SEARCH_PATHS = (
					"$(RHO_ROOT)/platform/shared/common",
					"$(RHO_ROOT)/platform/shared/rubyext",
					"$(RHO_ROOT)/platform/shared/ruby/include",
					"$(RHO_ROOT)/platform/shared/ruby/iphone",
					"$(RHO_ROOT)/platform/shared",
					"$(RHO_ROOT)/platform/shared/sync",
					./../../shared/src,
				);
				INSTALL_PATH = /usr/local/lib;
				IPHONEOS_DEPLOYMENT_TARGET = 3.0;
				MACOSX_DEPLOYMENT_TARGET = 10.5;
				PRODUCT_NAME = "Rhoconnect-client";
				SDKROOT = iphoneos;
				VALID_ARCHS = "i386  armv7";
			};
			name = Release;
		};
/* End XCBuildConfiguration section */

/* Begin XCConfigurationList section */
		1DEB922208733DC00010E9CD /* Build configuration list for PBXProject "Rhoconnect-client" */ = {
			isa = XCConfigurationList;
			buildConfigurations = (
				1DEB922308733DC00010E9CD /* Debug */,
				1DEB922408733DC00010E9CD /* Release */,
			);
			defaultConfigurationIsVisible = 0;
			defaultConfigurationName = Release;
		};
		FAC155F0145855CF0016F3BD /* Build configuration list for PBXNativeTarget "Rhoconnect-client" */ = {
			isa = XCConfigurationList;
			buildConfigurations = (
				FAC155F1145855CF0016F3BD /* Debug */,
				FAC155F2145855CF0016F3BD /* Release */,
			);
			defaultConfigurationIsVisible = 0;
			defaultConfigurationName = Release;
		};
/* End XCConfigurationList section */
	};
	rootObject = 0867D690FE84028FC02AAC07 /* Project object */;
}
